
Microsoft Visual Studio Solution File, Format Version 12.00
# Visual Studio Version 16
VisualStudioVersion = 16.0.30907.101
MinimumVisualStudioVersion = 10.0.40219.1
Project("{FAE04EC0-301F-11D3-BF4B-00C04F79EFBC}") = "SCT-RH", "SCT-RH.csproj", "{8B20175E-4499-4345-ABC6-8EFD8F84CD19}"
EndProject
Global
	GlobalSection(SolutionConfigurationPlatforms) = preSolution
		Debug|Any CPU = Debug|Any CPU
		Release|Any CPU = Release|Any CPU
	EndGlobalSection
	GlobalSection(ProjectConfigurationPlatforms) = postSolution
		{8B20175E-4499-4345-ABC6-8EFD8F84CD19}.Debug|Any CPU.ActiveCfg = Debug|Any CPU
		{8B20175E-4499-4345-ABC6-8EFD8F84CD19}.Debug|Any CPU.Build.0 = Debug|Any CPU
		{8B20175E-4499-4345-ABC6-8EFD8F84CD19}.Release|Any CPU.ActiveCfg = Release|Any CPU
		{8B20175E-4499-4345-ABC6-8EFD8F84CD19}.Release|Any CPU.Build.0 = Release|Any CPU
	EndGlobalSection
	GlobalSection(SolutionProperties) = preSolution
		HideSolutionNode = FALSE
	EndGlobalSection
	GlobalSection(ExtensibilityGlobals) = postSolution
		SolutionGuid = {B4C5D748-1ED0-43BD-B25B-9AEC0449BABD}
	EndGlobalSection
EndGlobal
